<?xml version="1.0" encoding="utf-8"?>
<Project ToolsVersion="4.0" xmlns="http://schemas.microsoft.com/developer/msbuild/2003">
  <ItemGroup>
    <Filter Include="Source Files">
      <UniqueIdentifier>{4FC737F1-C7A5-4376-A066-2A32D752A2FF}</UniqueIdentifier>
      <Extensions>cpp;c;cc;cxx;def;odl;idl;hpj;bat;asm;asmx</Extensions>
    </Filter>
    <Filter Include="Header Files">
      <UniqueIdentifier>{93995380-89BD-4b04-88EB-625FBE52EBFB}</UniqueIdentifier>
      <Extensions>h;hh;hpp;hxx;hm;inl;inc;xsd</Extensions>
    </Filter>
    <Filter Include="Resource Files">
      <UniqueIdentifier>{67DA6AB6-F800-4c08-8B7A-83BB121AAD01}</UniqueIdentifier>
      <Extensions>rc;ico;cur;bmp;dlg;rc2;rct;bin;rgs;gif;jpg;jpeg;jpe;resx;tiff;tif;png;wav</Extensions>
    </Filter>
  </ItemGroup>
  <ItemGroup>
    <ClCompile Include="default\berry.c">
      <Filter>Source Files</Filter>
    </ClCompile>
    <ClCompile Include="default\be_modtab.c">
      <Filter>Source Files</Filter>
    </ClCompile>
    <ClCompile Include="default\be_port.c">
      <Filter>Source Files</Filter>
    </ClCompile>
    <ClCompile Include="src\be_api.c">
      <Filter>Source Files</Filter>
    </ClCompile>
    <ClCompile Include="src\be_baselib.c">
      <Filter>Source Files</Filter>
    </ClCompile>
    <ClCompile Include="src\be_bytecode.c">
      <Filter>Source Files</Filter>
    </ClCompile>
    <ClCompile Include="src\be_byteslib.c">
      <Filter>Source Files</Filter>
    </ClCompile>
    <ClCompile Include="src\be_class.c">
      <Filter>Source Files</Filter>
    </ClCompile>
    <ClCompile Include="src\be_code.c">
      <Filter>Source Files</Filter>
    </ClCompile>
    <ClCompile Include="src\be_debug.c">
      <Filter>Source Files</Filter>
    </ClCompile>
    <ClCompile Include="src\be_debuglib.c">
      <Filter>Source Files</Filter>
    </ClCompile>
    <ClCompile Include="src\be_exec.c">
      <Filter>Source Files</Filter>
    </ClCompile>
    <ClCompile Include="src\be_filelib.c">
      <Filter>Source Files</Filter>
    </ClCompile>
    <ClCompile Include="src\be_func.c">
      <Filter>Source Files</Filter>
    </ClCompile>
    <ClCompile Include="src\be_gc.c">
      <Filter>Source Files</Filter>
    </ClCompile>
    <ClCompile Include="src\be_gclib.c">
      <Filter>Source Files</Filter>
    </ClCompile>
    <ClCompile Include="src\be_globallib.c">
      <Filter>Source Files</Filter>
    </ClCompile>
    <ClCompile Include="src\be_introspectlib.c">
      <Filter>Source Files</Filter>
    </ClCompile>
    <ClCompile Include="src\be_jsonlib.c">
      <Filter>Source Files</Filter>
    </ClCompile>
    <ClCompile Include="src\be_lexer.c">
      <Filter>Source Files</Filter>
    </ClCompile>
    <ClCompile Include="src\be_libs.c">
      <Filter>Source Files</Filter>
    </ClCompile>
    <ClCompile Include="src\be_list.c">
      <Filter>Source Files</Filter>
    </ClCompile>
    <ClCompile Include="src\be_listlib.c">
      <Filter>Source Files</Filter>
    </ClCompile>
    <ClCompile Include="src\be_map.c">
      <Filter>Source Files</Filter>
    </ClCompile>
    <ClCompile Include="src\be_maplib.c">
      <Filter>Source Files</Filter>
    </ClCompile>
    <ClCompile Include="src\be_mathlib.c">
      <Filter>Source Files</Filter>
    </ClCompile>
    <ClCompile Include="src\be_mem.c">
      <Filter>Source Files</Filter>
    </ClCompile>
    <ClCompile Include="src\be_module.c">
      <Filter>Source Files</Filter>
    </ClCompile>
    <ClCompile Include="src\be_object.c">
      <Filter>Source Files</Filter>
    </ClCompile>
    <ClCompile Include="src\be_oslib.c">
      <Filter>Source Files</Filter>
    </ClCompile>
    <ClCompile Include="src\be_parser.c">
      <Filter>Source Files</Filter>
    </ClCompile>
    <ClCompile Include="src\be_rangelib.c">
      <Filter>Source Files</Filter>
    </ClCompile>
    <ClCompile Include="src\be_repl.c">
      <Filter>Source Files</Filter>
    </ClCompile>
    <ClCompile Include="src\be_strictlib.c">
      <Filter>Source Files</Filter>
    </ClCompile>
    <ClCompile Include="src\be_string.c">
      <Filter>Source Files</Filter>
    </ClCompile>
    <ClCompile Include="src\be_strlib.c">
      <Filter>Source Files</Filter>
    </ClCompile>
    <ClCompile Include="src\be_syslib.c">
      <Filter>Source Files</Filter>
    </ClCompile>
    <ClCompile Include="src\be_timelib.c">
      <Filter>Source Files</Filter>
    </ClCompile>
    <ClCompile Include="src\be_undefinedlib.c">
      <Filter>Source Files</Filter>
    </ClCompile>
    <ClCompile Include="src\be_var.c">
      <Filter>Source Files</Filter>
    </ClCompile>
    <ClCompile Include="src\be_vector.c">
      <Filter>Source Files</Filter>
    </ClCompile>
    <ClCompile Include="src\be_vm.c">
      <Filter>Source Files</Filter>
    </ClCompile>
  </ItemGroup>
  <ItemGroup>
    <ClInclude Include="default\berry_conf.h">
      <Filter>Header Files</Filter>
    </ClInclude>
    <ClInclude Include="generate\be_const_bytes.h">
      <Filter>Header Files</Filter>
    </ClInclude>
    <ClInclude Include="generate\be_const_bytes_def.h">
      <Filter>Header Files</Filter>
    </ClInclude>
    <ClInclude Include="generate\be_const_strtab.h">
      <Filter>Header Files</Filter>
    </ClInclude>
    <ClInclude Include="generate\be_const_strtab_def.h">
      <Filter>Header Files</Filter>
    </ClInclude>
    <ClInclude Include="generate\be_fixed_be_class_bytes.h">
      <Filter>Header Files</Filter>
    </ClInclude>
    <ClInclude Include="generate\be_fixed_be_class_list.h">
      <Filter>Header Files</Filter>
    </ClInclude>
    <ClInclude Include="generate\be_fixed_be_class_map.h">
      <Filter>Header Files</Filter>
    </ClInclude>
    <ClInclude Include="generate\be_fixed_be_class_range.h">
      <Filter>Header Files</Filter>
    </ClInclude>
    <ClInclude Include="generate\be_fixed_debug.h">
      <Filter>Header Files</Filter>
    </ClInclude>
    <ClInclude Include="generate\be_fixed_gc.h">
      <Filter>Header Files</Filter>
    </ClInclude>
    <ClInclude Include="generate\be_fixed_global.h">
      <Filter>Header Files</Filter>
    </ClInclude>
    <ClInclude Include="generate\be_fixed_introspect.h">
      <Filter>Header Files</Filter>
    </ClInclude>
    <ClInclude Include="generate\be_fixed_json.h">
      <Filter>Header Files</Filter>
    </ClInclude>
    <ClInclude Include="generate\be_fixed_math.h">
      <Filter>Header Files</Filter>
    </ClInclude>
    <ClInclude Include="generate\be_fixed_m_builtin.h">
      <Filter>Header Files</Filter>
    </ClInclude>
    <ClInclude Include="generate\be_fixed_os.h">
      <Filter>Header Files</Filter>
    </ClInclude>
    <ClInclude Include="generate\be_fixed_os_path.h">
      <Filter>Header Files</Filter>
    </ClInclude>
    <ClInclude Include="generate\be_fixed_solidify.h">
      <Filter>Header Files</Filter>
    </ClInclude>
    <ClInclude Include="generate\be_fixed_strict.h">
      <Filter>Header Files</Filter>
    </ClInclude>
    <ClInclude Include="generate\be_fixed_string.h">
      <Filter>Header Files</Filter>
    </ClInclude>
    <ClInclude Include="generate\be_fixed_sys.h">
      <Filter>Header Files</Filter>
    </ClInclude>
    <ClInclude Include="generate\be_fixed_time.h">
      <Filter>Header Files</Filter>
    </ClInclude>
    <ClInclude Include="generate\be_fixed_undefined.h">
      <Filter>Header Files</Filter>
    </ClInclude>
    <ClInclude Include="src\berry.h">
      <Filter>Header Files</Filter>
    </ClInclude>
    <ClInclude Include="src\be_baselib.h">
      <Filter>Header Files</Filter>
    </ClInclude>
    <ClInclude Include="src\be_bytecode.h">
      <Filter>Header Files</Filter>
    </ClInclude>
    <ClInclude Include="src\be_byteslib.h">
      <Filter>Header Files</Filter>
    </ClInclude>
    <ClInclude Include="src\be_class.h">
      <Filter>Header Files</Filter>
    </ClInclude>
    <ClInclude Include="src\be_code.h">
      <Filter>Header Files</Filter>
    </ClInclude>
    <ClInclude Include="src\be_constobj.h">
      <Filter>Header Files</Filter>
    </ClInclude>
    <ClInclude Include="src\be_debug.h">
      <Filter>Header Files</Filter>
    </ClInclude>
    <ClInclude Include="src\be_decoder.h">
      <Filter>Header Files</Filter>
    </ClInclude>
    <ClInclude Include="src\be_exec.h">
      <Filter>Header Files</Filter>
    </ClInclude>
    <ClInclude Include="src\be_func.h">
      <Filter>Header Files</Filter>
    </ClInclude>
    <ClInclude Include="src\be_gc.h">
      <Filter>Header Files</Filter>
    </ClInclude>
    <ClInclude Include="src\be_lexer.h">
      <Filter>Header Files</Filter>
    </ClInclude>
    <ClInclude Include="src\be_libs.h">
      <Filter>Header Files</Filter>
    </ClInclude>
    <ClInclude Include="src\be_list.h">
      <Filter>Header Files</Filter>
    </ClInclude>
    <ClInclude Include="src\be_map.h">
      <Filter>Header Files</Filter>
    </ClInclude>
    <ClInclude Include="src\be_mem.h">
      <Filter>Header Files</Filter>
    </ClInclude>
    <ClInclude Include="src\be_module.h">
      <Filter>Header Files</Filter>
    </ClInclude>
    <ClInclude Include="src\be_object.h">
      <Filter>Header Files</Filter>
    </ClInclude>
    <ClInclude Include="src\be_opcodes.h">
      <Filter>Header Files</Filter>
    </ClInclude>
    <ClInclude Include="src\be_parser.h">
      <Filter>Header Files</Filter>
    </ClInclude>
    <ClInclude Include="src\be_repl.h">
      <Filter>Header Files</Filter>
    </ClInclude>
    <ClInclude Include="src\be_string.h">
      <Filter>Header Files</Filter>
    </ClInclude>
    <ClInclude Include="src\be_strlib.h">
      <Filter>Header Files</Filter>
    </ClInclude>
    <ClInclude Include="src\be_sys.h">
      <Filter>Header Files</Filter>
    </ClInclude>
    <ClInclude Include="src\be_var.h">
      <Filter>Header Files</Filter>
    </ClInclude>
    <ClInclude Include="src\be_vector.h">
      <Filter>Header Files</Filter>
    </ClInclude>
    <ClInclude Include="src\be_vm.h">
      <Filter>Header Files</Filter>
    </ClInclude>
  </ItemGroup>
</Project>